
Microsoft Visual Studio Solution File, Format Version 12.00
# Visual Studio Version 16
VisualStudioVersion = 16.0.29230.47
MinimumVisualStudioVersion = 10.0.40219.1
Project("{2150E333-8FDC-42A3-9474-1A3956D46DE8}") = "src", "src", "{B909FEDF-3397-4308-B8E3-E538D84AC14D}"
EndProject
Project("{2150E333-8FDC-42A3-9474-1A3956D46DE8}") = "tests", "tests", "{12F52172-93E2-490D-B544-6BC9BFCBDE4F}"
EndProject
Project("{9A19103F-16F7-4668-BE54-9A1E7A4F7556}") = "BrowserDetector.Tests", "tests\BrowserDetector.Tests\BrowserDetector.Tests.csproj", "{AC18FC9B-5E79-4FDA-9B35-9F2E716C2BD9}"
EndProject
Project("{2150E333-8FDC-42A3-9474-1A3956D46DE8}") = "sample", "sample", "{9E1E33C8-9F0A-42A5-909F-54079AB3AEF3}"
EndProject
Project("{2150E333-8FDC-42A3-9474-1A3956D46DE8}") = "perf", "perf", "{5AB86EFC-4E36-4570-BB16-C09AC8C71BAC}"
EndProject
Project("{9A19103F-16F7-4668-BE54-9A1E7A4F7556}") = "BrowserDetector.Benchmarks", "perf\BrowserDetector.Benchmarks\BrowserDetector.Benchmarks.csproj", "{74E28CEE-CBE2-49DB-811A-B63E8FDD744E}"
EndProject
Project("{9A19103F-16F7-4668-BE54-9A1E7A4F7556}") = "DemoApp.NET5", "sample\DemoApp.NET5\DemoApp.NET5.csproj", "{FC9EDDF8-1A96-4814-87E4-4EEAF2BCFD39}"
EndProject
Project("{9A19103F-16F7-4668-BE54-9A1E7A4F7556}") = "DemoApp.NET3.1", "sample\DemoApp.NET3.1\DemoApp.NET3.1.csproj", "{35866D18-F8C6-4D23-B229-7E8D9A527507}"
EndProject
Project("{9A19103F-16F7-4668-BE54-9A1E7A4F7556}") = "BrowserDetector.NetCore", "src\BrowserDetector.NET5\BrowserDetector.NetCore.csproj", "{78C62B82-715C-4C7B-BE75-47E9E27C8711}"
EndProject
Global
	GlobalSection(SolutionConfigurationPlatforms) = preSolution
		Debug|Any CPU = Debug|Any CPU
		Release|Any CPU = Release|Any CPU
	EndGlobalSection
	GlobalSection(ProjectConfigurationPlatforms) = postSolution
		{AC18FC9B-5E79-4FDA-9B35-9F2E716C2BD9}.Debug|Any CPU.ActiveCfg = Debug|Any CPU
		{AC18FC9B-5E79-4FDA-9B35-9F2E716C2BD9}.Debug|Any CPU.Build.0 = Debug|Any CPU
		{AC18FC9B-5E79-4FDA-9B35-9F2E716C2BD9}.Release|Any CPU.ActiveCfg = Release|Any CPU
		{AC18FC9B-5E79-4FDA-9B35-9F2E716C2BD9}.Release|Any CPU.Build.0 = Release|Any CPU
		{74E28CEE-CBE2-49DB-811A-B63E8FDD744E}.Debug|Any CPU.ActiveCfg = Debug|Any CPU
		{74E28CEE-CBE2-49DB-811A-B63E8FDD744E}.Debug|Any CPU.Build.0 = Debug|Any CPU
		{74E28CEE-CBE2-49DB-811A-B63E8FDD744E}.Release|Any CPU.ActiveCfg = Release|Any CPU
		{74E28CEE-CBE2-49DB-811A-B63E8FDD744E}.Release|Any CPU.Build.0 = Release|Any CPU
		{FC9EDDF8-1A96-4814-87E4-4EEAF2BCFD39}.Debug|Any CPU.ActiveCfg = Debug|Any CPU
		{FC9EDDF8-1A96-4814-87E4-4EEAF2BCFD39}.Debug|Any CPU.Build.0 = Debug|Any CPU
		{FC9EDDF8-1A96-4814-87E4-4EEAF2BCFD39}.Release|Any CPU.ActiveCfg = Release|Any CPU
		{FC9EDDF8-1A96-4814-87E4-4EEAF2BCFD39}.Release|Any CPU.Build.0 = Release|Any CPU
		{35866D18-F8C6-4D23-B229-7E8D9A527507}.Debug|Any CPU.ActiveCfg = Debug|Any CPU
		{35866D18-F8C6-4D23-B229-7E8D9A527507}.Debug|Any CPU.Build.0 = Debug|Any CPU
		{35866D18-F8C6-4D23-B229-7E8D9A527507}.Release|Any CPU.ActiveCfg = Release|Any CPU
		{35866D18-F8C6-4D23-B229-7E8D9A527507}.Release|Any CPU.Build.0 = Release|Any CPU
		{78C62B82-715C-4C7B-BE75-47E9E27C8711}.Debug|Any CPU.ActiveCfg = Debug|Any CPU
		{78C62B82-715C-4C7B-BE75-47E9E27C8711}.Debug|Any CPU.Build.0 = Debug|Any CPU
		{78C62B82-715C-4C7B-BE75-47E9E27C8711}.Release|Any CPU.ActiveCfg = Release|Any CPU
		{78C62B82-715C-4C7B-BE75-47E9E27C8711}.Release|Any CPU.Build.0 = Release|Any CPU
	EndGlobalSection
	GlobalSection(SolutionProperties) = preSolution
		HideSolutionNode = FALSE
	EndGlobalSection
	GlobalSection(NestedProjects) = preSolution
		{AC18FC9B-5E79-4FDA-9B35-9F2E716C2BD9} = {12F52172-93E2-490D-B544-6BC9BFCBDE4F}
		{74E28CEE-CBE2-49DB-811A-B63E8FDD744E} = {5AB86EFC-4E36-4570-BB16-C09AC8C71BAC}
		{FC9EDDF8-1A96-4814-87E4-4EEAF2BCFD39} = {9E1E33C8-9F0A-42A5-909F-54079AB3AEF3}
		{35866D18-F8C6-4D23-B229-7E8D9A527507} = {9E1E33C8-9F0A-42A5-909F-54079AB3AEF3}
		{78C62B82-715C-4C7B-BE75-47E9E27C8711} = {B909FEDF-3397-4308-B8E3-E538D84AC14D}
	EndGlobalSection
	GlobalSection(ExtensibilityGlobals) = postSolution
		SolutionGuid = {05CFD6CC-3235-4365-8458-99DED6DBDE2D}
	EndGlobalSection
EndGlobal
